Microsoft Visual Studio Solution File, Format Version 12.00
# Visual Studio 15
VisualStudioVersion = 15.0.27009.1
MinimumVisualStudioVersion = 10.0.40219.1
Project("{9A19103F-16F7-4668-BE54-9A1E7A4F7556}") = "TSVComparer.Model", "TSVComparer.Model\TSVComparer.Model.csproj", "{5E9987F1-341A-4480-B98F-20AAFF653B33}"
EndProject
Project("{9A19103F-16F7-4668-BE54-9A1E7A4F7556}") = "TSVComparer.ViewModel", "TSVComparer.ViewModel\TSVComparer.ViewModel.csproj", "{FE086936-FEC6-4DD0-BC52-38A87A069275}"
EndProject
Project("{FAE04EC0-301F-11D3-BF4B-00C04F79EFBC}") = "TSVComparer.WPF", "TSVComparer.WPF\TSVComparer.WPF.csproj", "{E34C419B-4384-476B-BC40-E614FE984488}"
EndProject
Project("{FAE04EC0-301F-11D3-BF4B-00C04F79EFBC}") = "TSVComparer.UWP", "TSVComparer.UWP\TSVComparer.UWP.csproj", "{62326B8A-34E5-4C0A-9A6A-15122A832F1D}"
EndProject
Global
	GlobalSection(SolutionConfigurationPlatforms) = preSolution
		Debug|Any CPU = Debug|Any CPU
		Debug|ARM = Debug|ARM
		Debug|x64 = Debug|x64
		Debug|x86 = Debug|x86
		Release|Any CPU = Release|Any CPU
		Release|ARM = Release|ARM
		Release|x64 = Release|x64
		Release|x86 = Release|x86
	EndGlobalSection
	GlobalSection(ProjectConfigurationPlatforms) = postSolution
		{5E9987F1-341A-4480-B98F-20AAFF653B33}.Debug|Any CPU.ActiveCfg = Debug|Any CPU
		{5E9987F1-341A-4480-B98F-20AAFF653B33}.Debug|Any CPU.Build.0 = Debug|Any CPU
		{5E9987F1-341A-4480-B98F-20AAFF653B33}.Debug|ARM.ActiveCfg = Debug|Any CPU
		{5E9987F1-341A-4480-B98F-20AAFF653B33}.Debug|ARM.Build.0 = Debug|Any CPU
		{5E9987F1-341A-4480-B98F-20AAFF653B33}.Debug|x64.ActiveCfg = Debug|Any CPU
		{5E9987F1-341A-4480-B98F-20AAFF653B33}.Debug|x64.Build.0 = Debug|Any CPU
		{5E9987F1-341A-4480-B98F-20AAFF653B33}.Debug|x86.ActiveCfg = Debug|Any CPU
		{5E9987F1-341A-4480-B98F-20AAFF653B33}.Debug|x86.Build.0 = Debug|Any CPU
		{5E9987F1-341A-4480-B98F-20AAFF653B33}.Release|Any CPU.ActiveCfg = Release|Any CPU
		{5E9987F1-341A-4480-B98F-20AAFF653B33}.Release|Any CPU.Build.0 = Release|Any CPU
		{5E9987F1-341A-4480-B98F-20AAFF653B33}.Release|ARM.ActiveCfg = Release|Any CPU
		{5E9987F1-341A-4480-B98F-20AAFF653B33}.Release|ARM.Build.0 = Release|Any CPU
		{5E9987F1-341A-4480-B98F-20AAFF653B33}.Release|x64.ActiveCfg = Release|Any CPU
		{5E9987F1-341A-4480-B98F-20AAFF653B33}.Release|x64.Build.0 = Release|Any CPU
		{5E9987F1-341A-4480-B98F-20AAFF653B33}.Release|x86.ActiveCfg = Release|Any CPU
		{5E9987F1-341A-4480-B98F-20AAFF653B33}.Release|x86.Build.0 = Release|Any CPU
		{FE086936-FEC6-4DD0-BC52-38A87A069275}.Debug|Any CPU.ActiveCfg = Debug|Any CPU
		{FE086936-FEC6-4DD0-BC52-38A87A069275}.Debug|Any CPU.Build.0 = Debug|Any CPU
		{FE086936-FEC6-4DD0-BC52-38A87A069275}.Debug|ARM.ActiveCfg = Debug|Any CPU
		{FE086936-FEC6-4DD0-BC52-38A87A069275}.Debug|ARM.Build.0 = Debug|Any CPU
		{FE086936-FEC6-4DD0-BC52-38A87A069275}.Debug|x64.ActiveCfg = Debug|Any CPU
		{FE086936-FEC6-4DD0-BC52-38A87A069275}.Debug|x64.Build.0 = Debug|Any CPU
		{FE086936-FEC6-4DD0-BC52-38A87A069275}.Debug|x86.ActiveCfg = Debug|Any CPU
		{FE086936-FEC6-4DD0-BC52-38A87A069275}.Debug|x86.Build.0 = Debug|Any CPU
		{FE086936-FEC6-4DD0-BC52-38A87A069275}.Release|Any CPU.ActiveCfg = Release|Any CPU
		{FE086936-FEC6-4DD0-BC52-38A87A069275}.Release|Any CPU.Build.0 = Release|Any CPU
		{FE086936-FEC6-4DD0-BC52-38A87A069275}.Release|ARM.ActiveCfg = Release|Any CPU
		{FE086936-FEC6-4DD0-BC52-38A87A069275}.Release|ARM.Build.0 = Release|Any CPU
		{FE086936-FEC6-4DD0-BC52-38A87A069275}.Release|x64.ActiveCfg = Release|Any CPU
		{FE086936-FEC6-4DD0-BC52-38A87A069275}.Release|x64.Build.0 = Release|Any CPU
		{FE086936-FEC6-4DD0-BC52-38A87A069275}.Release|x86.ActiveCfg = Release|Any CPU
		{FE086936-FEC6-4DD0-BC52-38A87A069275}.Release|x86.Build.0 = Release|Any CPU
		{E34C419B-4384-476B-BC40-E614FE984488}.Debug|Any CPU.ActiveCfg = Debug|Any CPU
		{E34C419B-4384-476B-BC40-E614FE984488}.Debug|Any CPU.Build.0 = Debug|Any CPU
		{E34C419B-4384-476B-BC40-E614FE984488}.Debug|ARM.ActiveCfg = Debug|Any CPU
		{E34C419B-4384-476B-BC40-E614FE984488}.Debug|ARM.Build.0 = Debug|Any CPU
		{E34C419B-4384-476B-BC40-E614FE984488}.Debug|x64.ActiveCfg = Debug|Any CPU
		{E34C419B-4384-476B-BC40-E614FE984488}.Debug|x64.Build.0 = Debug|Any CPU
		{E34C419B-4384-476B-BC40-E614FE984488}.Debug|x86.ActiveCfg = Debug|Any CPU
		{E34C419B-4384-476B-BC40-E614FE984488}.Debug|x86.Build.0 = Debug|Any CPU
		{E34C419B-4384-476B-BC40-E614FE984488}.Release|Any CPU.ActiveCfg = Release|Any CPU
		{E34C419B-4384-476B-BC40-E614FE984488}.Release|Any CPU.Build.0 = Release|Any CPU
		{E34C419B-4384-476B-BC40-E614FE984488}.Release|ARM.ActiveCfg = Release|Any CPU
		{E34C419B-4384-476B-BC40-E614FE984488}.Release|ARM.Build.0 = Release|Any CPU
		{E34C419B-4384-476B-BC40-E614FE984488}.Release|x64.ActiveCfg = Release|Any CPU
		{E34C419B-4384-476B-BC40-E614FE984488}.Release|x64.Build.0 = Release|Any CPU
		{E34C419B-4384-476B-BC40-E614FE984488}.Release|x86.ActiveCfg = Release|Any CPU
		{E34C419B-4384-476B-BC40-E614FE984488}.Release|x86.Build.0 = Release|Any CPU
		{62326B8A-34E5-4C0A-9A6A-15122A832F1D}.Debug|Any CPU.ActiveCfg = Debug|x86
		{62326B8A-34E5-4C0A-9A6A-15122A832F1D}.Debug|ARM.ActiveCfg = Debug|ARM
		{62326B8A-34E5-4C0A-9A6A-15122A832F1D}.Debug|ARM.Build.0 = Debug|ARM
		{62326B8A-34E5-4C0A-9A6A-15122A832F1D}.Debug|ARM.Deploy.0 = Debug|ARM
		{62326B8A-34E5-4C0A-9A6A-15122A832F1D}.Debug|x64.ActiveCfg = Debug|x64
		{62326B8A-34E5-4C0A-9A6A-15122A832F1D}.Debug|x64.Build.0 = Debug|x64
		{62326B8A-34E5-4C0A-9A6A-15122A832F1D}.Debug|x64.Deploy.0 = Debug|x64
		{62326B8A-34E5-4C0A-9A6A-15122A832F1D}.Debug|x86.ActiveCfg = Debug|x86
		{62326B8A-34E5-4C0A-9A6A-15122A832F1D}.Debug|x86.Build.0 = Debug|x86
		{62326B8A-34E5-4C0A-9A6A-15122A832F1D}.Debug|x86.Deploy.0 = Debug|x86
		{62326B8A-34E5-4C0A-9A6A-15122A832F1D}.Release|Any CPU.ActiveCfg = Release|x86
		{62326B8A-34E5-4C0A-9A6A-15122A832F1D}.Release|ARM.ActiveCfg = Release|ARM
		{62326B8A-34E5-4C0A-9A6A-15122A832F1D}.Release|ARM.Build.0 = Release|ARM
		{62326B8A-34E5-4C0A-9A6A-15122A832F1D}.Release|ARM.Deploy.0 = Release|ARM
		{62326B8A-34E5-4C0A-9A6A-15122A832F1D}.Release|x64.ActiveCfg = Release|x64
		{62326B8A-34E5-4C0A-9A6A-15122A832F1D}.Release|x64.Build.0 = Release|x64
		{62326B8A-34E5-4C0A-9A6A-15122A832F1D}.Release|x64.Deploy.0 = Release|x64
		{62326B8A-34E5-4C0A-9A6A-15122A832F1D}.Release|x86.ActiveCfg = Release|x86
		{62326B8A-34E5-4C0A-9A6A-15122A832F1D}.Release|x86.Build.0 = Release|x86
		{62326B8A-34E5-4C0A-9A6A-15122A832F1D}.Release|x86.Deploy.0 = Release|x86
	EndGlobalSection
	GlobalSection(SolutionProperties) = preSolution
		HideSolutionNode = FALSE
	EndGlobalSection
	GlobalSection(ExtensibilityGlobals) = postSolution
		SolutionGuid = {EC695A56-D22F-47C1-ABCB-21E50E24C60F}
	EndGlobalSection
EndGlobal
